
Microsoft Visual Studio Solution File, Format Version 12.00
# Visual Studio Version 16
VisualStudioVersion = 16.0.28803.352
MinimumVisualStudioVersion = 10.0.40219.1
Project("{2150E333-8FDC-42A3-9474-1A3956D46DE8}") = "Encrypters", "Encrypters", "{ECC0C3B7-513E-4BAB-BC1C-912F0EC2482A}"
EndProject
Project("{2150E333-8FDC-42A3-9474-1A3956D46DE8}") = "DataAccess", "DataAccess", "{CA7C7DC1-A483-4DB2-95E5-616267E5449E}"
EndProject
Project("{2150E333-8FDC-42A3-9474-1A3956D46DE8}") = "EncrypterTests", "EncrypterTests", "{E986E930-D037-4F7E-9217-916ABE66B0C0}"
EndProject
Project("{2150E333-8FDC-42A3-9474-1A3956D46DE8}") = "UserInterface", "UserInterface", "{A75A1957-FA62-421D-A74A-DEB971C0EB81}"
EndProject
Project("{2150E333-8FDC-42A3-9474-1A3956D46DE8}") = "DataAccessTests", "DataAccessTests", "{215D7BF4-D6A2-484A-A6FC-DCB62B3F07B3}"
EndProject
Project("{9A19103F-16F7-4668-BE54-9A1E7A4F7556}") = "DataHandlers", "DataHandlers\DataHandlers.csproj", "{403BA5AF-B2A9-400D-BBD9-3F97AE02E7DC}"
EndProject
Project("{FAE04EC0-301F-11D3-BF4B-00C04F79EFBC}") = "UI", "UI\UI.csproj", "{ACD58591-B728-427B-8298-751A1C4EBE20}"
EndProject
Project("{FAE04EC0-301F-11D3-BF4B-00C04F79EFBC}") = "TDESEncrypter", "TDESEncrypter\TDESEncrypter.csproj", "{62CBA779-BCD3-476B-96E1-33DFA0E1D3D0}"
EndProject
Project("{FAE04EC0-301F-11D3-BF4B-00C04F79EFBC}") = "RSAEncrypter", "RSAEncrypter\RSAEncrypter.csproj", "{0743F1FC-1608-4665-8A4D-F6276AC175C6}"
EndProject
Project("{FAE04EC0-301F-11D3-BF4B-00C04F79EFBC}") = "EncrypterTests", "EncrypterTests\EncrypterTests.csproj", "{7CCE9293-A1D4-4583-B68B-E47B0A826540}"
EndProject
Project("{2150E333-8FDC-42A3-9474-1A3956D46DE8}") = "BusinessProcess", "BusinessProcess", "{9E7E2F5B-AE00-41C3-92A8-1B2602CCC3B5}"
EndProject
Project("{FAE04EC0-301F-11D3-BF4B-00C04F79EFBC}") = "BusinessProcess", "BusinessProcess\BusinessProcess.csproj", "{B2D18BEA-FADA-4631-AE6D-A3C0C13B3BB9}"
EndProject
Project("{FAE04EC0-301F-11D3-BF4B-00C04F79EFBC}") = "XMLHandlerTest", "XMLHandlerTest\XMLHandlerTest.csproj", "{A5B2F84D-BED8-4826-AFAD-3A73E36EA2D9}"
EndProject
Global
	GlobalSection(SolutionConfigurationPlatforms) = preSolution
		Debug|Any CPU = Debug|Any CPU
		Debug|x64 = Debug|x64
		Debug|x86 = Debug|x86
		Release|Any CPU = Release|Any CPU
		Release|x64 = Release|x64
		Release|x86 = Release|x86
	EndGlobalSection
	GlobalSection(ProjectConfigurationPlatforms) = postSolution
		{403BA5AF-B2A9-400D-BBD9-3F97AE02E7DC}.Debug|Any CPU.ActiveCfg = Debug|Any CPU
		{403BA5AF-B2A9-400D-BBD9-3F97AE02E7DC}.Debug|Any CPU.Build.0 = Debug|Any CPU
		{403BA5AF-B2A9-400D-BBD9-3F97AE02E7DC}.Debug|x64.ActiveCfg = Debug|Any CPU
		{403BA5AF-B2A9-400D-BBD9-3F97AE02E7DC}.Debug|x64.Build.0 = Debug|Any CPU
		{403BA5AF-B2A9-400D-BBD9-3F97AE02E7DC}.Debug|x86.ActiveCfg = Debug|Any CPU
		{403BA5AF-B2A9-400D-BBD9-3F97AE02E7DC}.Debug|x86.Build.0 = Debug|Any CPU
		{403BA5AF-B2A9-400D-BBD9-3F97AE02E7DC}.Release|Any CPU.ActiveCfg = Release|Any CPU
		{403BA5AF-B2A9-400D-BBD9-3F97AE02E7DC}.Release|Any CPU.Build.0 = Release|Any CPU
		{403BA5AF-B2A9-400D-BBD9-3F97AE02E7DC}.Release|x64.ActiveCfg = Release|Any CPU
		{403BA5AF-B2A9-400D-BBD9-3F97AE02E7DC}.Release|x64.Build.0 = Release|Any CPU
		{403BA5AF-B2A9-400D-BBD9-3F97AE02E7DC}.Release|x86.ActiveCfg = Release|Any CPU
		{403BA5AF-B2A9-400D-BBD9-3F97AE02E7DC}.Release|x86.Build.0 = Release|Any CPU
		{ACD58591-B728-427B-8298-751A1C4EBE20}.Debug|Any CPU.ActiveCfg = Debug|Any CPU
		{ACD58591-B728-427B-8298-751A1C4EBE20}.Debug|Any CPU.Build.0 = Debug|Any CPU
		{ACD58591-B728-427B-8298-751A1C4EBE20}.Debug|x64.ActiveCfg = Debug|Any CPU
		{ACD58591-B728-427B-8298-751A1C4EBE20}.Debug|x64.Build.0 = Debug|Any CPU
		{ACD58591-B728-427B-8298-751A1C4EBE20}.Debug|x86.ActiveCfg = Debug|Any CPU
		{ACD58591-B728-427B-8298-751A1C4EBE20}.Debug|x86.Build.0 = Debug|Any CPU
		{ACD58591-B728-427B-8298-751A1C4EBE20}.Release|Any CPU.ActiveCfg = Release|Any CPU
		{ACD58591-B728-427B-8298-751A1C4EBE20}.Release|Any CPU.Build.0 = Release|Any CPU
		{ACD58591-B728-427B-8298-751A1C4EBE20}.Release|x64.ActiveCfg = Release|Any CPU
		{ACD58591-B728-427B-8298-751A1C4EBE20}.Release|x64.Build.0 = Release|Any CPU
		{ACD58591-B728-427B-8298-751A1C4EBE20}.Release|x86.ActiveCfg = Release|Any CPU
		{ACD58591-B728-427B-8298-751A1C4EBE20}.Release|x86.Build.0 = Release|Any CPU
		{62CBA779-BCD3-476B-96E1-33DFA0E1D3D0}.Debug|Any CPU.ActiveCfg = Debug|Any CPU
		{62CBA779-BCD3-476B-96E1-33DFA0E1D3D0}.Debug|Any CPU.Build.0 = Debug|Any CPU
		{62CBA779-BCD3-476B-96E1-33DFA0E1D3D0}.Debug|x64.ActiveCfg = Debug|Any CPU
		{62CBA779-BCD3-476B-96E1-33DFA0E1D3D0}.Debug|x64.Build.0 = Debug|Any CPU
		{62CBA779-BCD3-476B-96E1-33DFA0E1D3D0}.Debug|x86.ActiveCfg = Debug|Any CPU
		{62CBA779-BCD3-476B-96E1-33DFA0E1D3D0}.Debug|x86.Build.0 = Debug|Any CPU
		{62CBA779-BCD3-476B-96E1-33DFA0E1D3D0}.Release|Any CPU.ActiveCfg = Release|Any CPU
		{62CBA779-BCD3-476B-96E1-33DFA0E1D3D0}.Release|Any CPU.Build.0 = Release|Any CPU
		{62CBA779-BCD3-476B-96E1-33DFA0E1D3D0}.Release|x64.ActiveCfg = Release|Any CPU
		{62CBA779-BCD3-476B-96E1-33DFA0E1D3D0}.Release|x64.Build.0 = Release|Any CPU
		{62CBA779-BCD3-476B-96E1-33DFA0E1D3D0}.Release|x86.ActiveCfg = Release|Any CPU
		{62CBA779-BCD3-476B-96E1-33DFA0E1D3D0}.Release|x86.Build.0 = Release|Any CPU
		{0743F1FC-1608-4665-8A4D-F6276AC175C6}.Debug|Any CPU.ActiveCfg = Debug|Any CPU
		{0743F1FC-1608-4665-8A4D-F6276AC175C6}.Debug|Any CPU.Build.0 = Debug|Any CPU
		{0743F1FC-1608-4665-8A4D-F6276AC175C6}.Debug|x64.ActiveCfg = Debug|Any CPU
		{0743F1FC-1608-4665-8A4D-F6276AC175C6}.Debug|x64.Build.0 = Debug|Any CPU
		{0743F1FC-1608-4665-8A4D-F6276AC175C6}.Debug|x86.ActiveCfg = Debug|Any CPU
		{0743F1FC-1608-4665-8A4D-F6276AC175C6}.Debug|x86.Build.0 = Debug|Any CPU
		{0743F1FC-1608-4665-8A4D-F6276AC175C6}.Release|Any CPU.ActiveCfg = Release|Any CPU
		{0743F1FC-1608-4665-8A4D-F6276AC175C6}.Release|Any CPU.Build.0 = Release|Any CPU
		{0743F1FC-1608-4665-8A4D-F6276AC175C6}.Release|x64.ActiveCfg = Release|Any CPU
		{0743F1FC-1608-4665-8A4D-F6276AC175C6}.Release|x64.Build.0 = Release|Any CPU
		{0743F1FC-1608-4665-8A4D-F6276AC175C6}.Release|x86.ActiveCfg = Release|Any CPU
		{0743F1FC-1608-4665-8A4D-F6276AC175C6}.Release|x86.Build.0 = Release|Any CPU
		{7CCE9293-A1D4-4583-B68B-E47B0A826540}.Debug|Any CPU.ActiveCfg = Debug|Any CPU
		{7CCE9293-A1D4-4583-B68B-E47B0A826540}.Debug|Any CPU.Build.0 = Debug|Any CPU
		{7CCE9293-A1D4-4583-B68B-E47B0A826540}.Debug|x64.ActiveCfg = Debug|Any CPU
		{7CCE9293-A1D4-4583-B68B-E47B0A826540}.Debug|x64.Build.0 = Debug|Any CPU
		{7CCE9293-A1D4-4583-B68B-E47B0A826540}.Debug|x86.ActiveCfg = Debug|Any CPU
		{7CCE9293-A1D4-4583-B68B-E47B0A826540}.Debug|x86.Build.0 = Debug|Any CPU
		{7CCE9293-A1D4-4583-B68B-E47B0A826540}.Release|Any CPU.ActiveCfg = Release|Any CPU
		{7CCE9293-A1D4-4583-B68B-E47B0A826540}.Release|Any CPU.Build.0 = Release|Any CPU
		{7CCE9293-A1D4-4583-B68B-E47B0A826540}.Release|x64.ActiveCfg = Release|Any CPU
		{7CCE9293-A1D4-4583-B68B-E47B0A826540}.Release|x64.Build.0 = Release|Any CPU
		{7CCE9293-A1D4-4583-B68B-E47B0A826540}.Release|x86.ActiveCfg = Release|Any CPU
		{7CCE9293-A1D4-4583-B68B-E47B0A826540}.Release|x86.Build.0 = Release|Any CPU
		{B2D18BEA-FADA-4631-AE6D-A3C0C13B3BB9}.Debug|Any CPU.ActiveCfg = Debug|Any CPU
		{B2D18BEA-FADA-4631-AE6D-A3C0C13B3BB9}.Debug|Any CPU.Build.0 = Debug|Any CPU
		{B2D18BEA-FADA-4631-AE6D-A3C0C13B3BB9}.Debug|x64.ActiveCfg = Debug|Any CPU
		{B2D18BEA-FADA-4631-AE6D-A3C0C13B3BB9}.Debug|x64.Build.0 = Debug|Any CPU
		{B2D18BEA-FADA-4631-AE6D-A3C0C13B3BB9}.Debug|x86.ActiveCfg = Debug|Any CPU
		{B2D18BEA-FADA-4631-AE6D-A3C0C13B3BB9}.Debug|x86.Build.0 = Debug|Any CPU
		{B2D18BEA-FADA-4631-AE6D-A3C0C13B3BB9}.Release|Any CPU.ActiveCfg = Release|Any CPU
		{B2D18BEA-FADA-4631-AE6D-A3C0C13B3BB9}.Release|Any CPU.Build.0 = Release|Any CPU
		{B2D18BEA-FADA-4631-AE6D-A3C0C13B3BB9}.Release|x64.ActiveCfg = Release|Any CPU
		{B2D18BEA-FADA-4631-AE6D-A3C0C13B3BB9}.Release|x64.Build.0 = Release|Any CPU
		{B2D18BEA-FADA-4631-AE6D-A3C0C13B3BB9}.Release|x86.ActiveCfg = Release|Any CPU
		{B2D18BEA-FADA-4631-AE6D-A3C0C13B3BB9}.Release|x86.Build.0 = Release|Any CPU
		{A5B2F84D-BED8-4826-AFAD-3A73E36EA2D9}.Debug|Any CPU.ActiveCfg = Debug|Any CPU
		{A5B2F84D-BED8-4826-AFAD-3A73E36EA2D9}.Debug|Any CPU.Build.0 = Debug|Any CPU
		{A5B2F84D-BED8-4826-AFAD-3A73E36EA2D9}.Debug|x64.ActiveCfg = Debug|Any CPU
		{A5B2F84D-BED8-4826-AFAD-3A73E36EA2D9}.Debug|x64.Build.0 = Debug|Any CPU
		{A5B2F84D-BED8-4826-AFAD-3A73E36EA2D9}.Debug|x86.ActiveCfg = Debug|Any CPU
		{A5B2F84D-BED8-4826-AFAD-3A73E36EA2D9}.Debug|x86.Build.0 = Debug|Any CPU
		{A5B2F84D-BED8-4826-AFAD-3A73E36EA2D9}.Release|Any CPU.ActiveCfg = Release|Any CPU
		{A5B2F84D-BED8-4826-AFAD-3A73E36EA2D9}.Release|Any CPU.Build.0 = Release|Any CPU
		{A5B2F84D-BED8-4826-AFAD-3A73E36EA2D9}.Release|x64.ActiveCfg = Release|Any CPU
		{A5B2F84D-BED8-4826-AFAD-3A73E36EA2D9}.Release|x64.Build.0 = Release|Any CPU
		{A5B2F84D-BED8-4826-AFAD-3A73E36EA2D9}.Release|x86.ActiveCfg = Release|Any CPU
		{A5B2F84D-BED8-4826-AFAD-3A73E36EA2D9}.Release|x86.Build.0 = Release|Any CPU
	EndGlobalSection
	GlobalSection(SolutionProperties) = preSolution
		HideSolutionNode = FALSE
	EndGlobalSection
	GlobalSection(NestedProjects) = preSolution
		{403BA5AF-B2A9-400D-BBD9-3F97AE02E7DC} = {CA7C7DC1-A483-4DB2-95E5-616267E5449E}
		{ACD58591-B728-427B-8298-751A1C4EBE20} = {A75A1957-FA62-421D-A74A-DEB971C0EB81}
		{62CBA779-BCD3-476B-96E1-33DFA0E1D3D0} = {ECC0C3B7-513E-4BAB-BC1C-912F0EC2482A}
		{0743F1FC-1608-4665-8A4D-F6276AC175C6} = {ECC0C3B7-513E-4BAB-BC1C-912F0EC2482A}
		{7CCE9293-A1D4-4583-B68B-E47B0A826540} = {E986E930-D037-4F7E-9217-916ABE66B0C0}
		{B2D18BEA-FADA-4631-AE6D-A3C0C13B3BB9} = {9E7E2F5B-AE00-41C3-92A8-1B2602CCC3B5}
		{A5B2F84D-BED8-4826-AFAD-3A73E36EA2D9} = {215D7BF4-D6A2-484A-A6FC-DCB62B3F07B3}
	EndGlobalSection
	GlobalSection(ExtensibilityGlobals) = postSolution
		SolutionGuid = {F2F0BF0A-2DE5-44CD-A4AB-1347D46011BD}
	EndGlobalSection
EndGlobal
